// !$*UTF8*$!
{
	archiveVersion = 1;
	classes = {
	};
	objectVersion = 50;
	objects = {

/* Begin PBXBuildFile section */
		5B46CA02226502490002B4F6 /* AppDelegate.swift in Sources */ = {isa = PBXBuildFile; fileRef = 5B46CA01226502490002B4F6 /* AppDelegate.swift */; };
		5B46CA07226502490002B4F6 /* Main.storyboard in Resources */ = {isa = PBXBuildFile; fileRef = 5B46CA05226502490002B4F6 /* Main.storyboard */; };
		5B46CA092265024B0002B4F6 /* Assets.xcassets in Resources */ = {isa = PBXBuildFile; fileRef = 5B46CA082265024B0002B4F6 /* Assets.xcassets */; };
		5B46CA0C2265024B0002B4F6 /* LaunchScreen.storyboard in Resources */ = {isa = PBXBuildFile; fileRef = 5B46CA0A2265024B0002B4F6 /* LaunchScreen.storyboard */; };
		5B46CA1422650BD90002B4F6 /* MemeCollectionViewController.swift in Sources */ = {isa = PBXBuildFile; fileRef = 5B46CA1322650BD90002B4F6 /* MemeCollectionViewController.swift */; };
		5B46CA1622650BF00002B4F6 /* MemeDetailViewController.swift in Sources */ = {isa = PBXBuildFile; fileRef = 5B46CA1522650BF00002B4F6 /* MemeDetailViewController.swift */; };
		5B46CA1A226513190002B4F6 /* Meme.swift in Sources */ = {isa = PBXBuildFile; fileRef = 5B46CA19226513190002B4F6 /* Meme.swift */; };
		5B46CA1C226522580002B4F6 /* ImageViewController.swift in Sources */ = {isa = PBXBuildFile; fileRef = 5B46CA1B226522580002B4F6 /* ImageViewController.swift */; };
		5B7E2044226B9F4000E7059E /* MemeCollectionViewCell.swift in Sources */ = {isa = PBXBuildFile; fileRef = 5B7E2043226B9F4000E7059E /* MemeCollectionViewCell.swift */; };
		5BC40FA222720E4100CAB9F9 /* MemeTableViewCell.swift in Sources */ = {isa = PBXBuildFile; fileRef = 5BC40FA122720E4100CAB9F9 /* MemeTableViewCell.swift */; };
		5BC40FA4227216D200CAB9F9 /* MemeTableViewController.swift in Sources */ = {isa = PBXBuildFile; fileRef = 5BC40FA3227216D200CAB9F9 /* MemeTableViewController.swift */; };
/* End PBXBuildFile section */

/* Begin PBXFileReference section */
		5B46C9FE226502490002B4F6 /* Meme2.0.app */ = {isa = PBXFileReference; explicitFileType = wrapper.application; includeInIndex = 0; path = Meme2.0.app; sourceTree = BUILT_PRODUCTS_DIR; };
		5B46CA01226502490002B4F6 /* AppDelegate.swift */ = {isa = PBXFileReference; lastKnownFileType = sourcecode.swift; path = AppDelegate.swift; sourceTree = "<group>"; };
		5B46CA06226502490002B4F6 /* Base */ = {isa = PBXFileReference; lastKnownFileType = file.storyboard; name = Base; path = Base.lproj/Main.storyboard; sourceTree = "<group>"; };
		5B46CA082265024B0002B4F6 /* Assets.xcassets */ = {isa = PBXFileReference; lastKnownFileType = folder.assetcatalog; path = Assets.xcassets; sourceTree = "<group>"; };
		5B46CA0B2265024B0002B4F6 /* Base */ = {isa = PBXFileReference; lastKnownFileType = file.storyboard; name = Base; path = Base.lproj/LaunchScreen.storyboard; sourceTree = "<group>"; };
		5B46CA0D2265024B0002B4F6 /* Info.plist */ = {isa = PBXFileReference; lastKnownFileType = text.plist.xml; path = Info.plist; sourceTree = "<group>"; };
		5B46CA1322650BD90002B4F6 /* MemeCollectionViewController.swift */ = {isa = PBXFileReference; lastKnownFileType = sourcecode.swift; path = MemeCollectionViewController.swift; sourceTree = "<group>"; };
		5B46CA1522650BF00002B4F6 /* MemeDetailViewController.swift */ = {isa = PBXFileReference; lastKnownFileType = sourcecode.swift; path = MemeDetailViewController.swift; sourceTree = "<group>"; };
		5B46CA19226513190002B4F6 /* Meme.swift */ = {isa = PBXFileReference; lastKnownFileType = sourcecode.swift; path = Meme.swift; sourceTree = "<group>"; };
		5B46CA1B226522580002B4F6 /* ImageViewController.swift */ = {isa = PBXFileReference; lastKnownFileType = sourcecode.swift; path = ImageViewController.swift; sourceTree = "<group>"; };
		5B7E2043226B9F4000E7059E /* MemeCollectionViewCell.swift */ = {isa = PBXFileReference; lastKnownFileType = sourcecode.swift; path = MemeCollectionViewCell.swift; sourceTree = "<group>"; };
		5BC40FA122720E4100CAB9F9 /* MemeTableViewCell.swift */ = {isa = PBXFileReference; lastKnownFileType = sourcecode.swift; path = MemeTableViewCell.swift; sourceTree = "<group>"; };
		5BC40FA3227216D200CAB9F9 /* MemeTableViewController.swift */ = {isa = PBXFileReference; lastKnownFileType = sourcecode.swift; path = MemeTableViewController.swift; sourceTree = "<group>"; };
/* End PBXFileReference section */

/* Begin PBXFrameworksBuildPhase section */
		5B46C9FB226502490002B4F6 /* Frameworks */ = {
			isa = PBXFrameworksBuildPhase;
			buildActionMask = 2147483647;
			files = (
			);
			runOnlyForDeploymentPostprocessing = 0;
		};
/* End PBXFrameworksBuildPhase section */

/* Begin PBXGroup section */
		5B46C9F5226502490002B4F6 = {
			isa = PBXGroup;
			children = (
				5B46CA00226502490002B4F6 /* Meme2.0 */,
				5B46C9FF226502490002B4F6 /* Products */,
			);
			sourceTree = "<group>";
		};
		5B46C9FF226502490002B4F6 /* Products */ = {
			isa = PBXGroup;
			children = (
				5B46C9FE226502490002B4F6 /* Meme2.0.app */,
			);
			name = Products;
			sourceTree = "<group>";
		};
		5B46CA00226502490002B4F6 /* Meme2.0 */ = {
			isa = PBXGroup;
			children = (
				5B46CA01226502490002B4F6 /* AppDelegate.swift */,
				5B46CA05226502490002B4F6 /* Main.storyboard */,
				5B46CA082265024B0002B4F6 /* Assets.xcassets */,
				5B46CA0A2265024B0002B4F6 /* LaunchScreen.storyboard */,
				5B46CA0D2265024B0002B4F6 /* Info.plist */,
				5B46CA1322650BD90002B4F6 /* MemeCollectionViewController.swift */,
				5B46CA1522650BF00002B4F6 /* MemeDetailViewController.swift */,
				5B46CA19226513190002B4F6 /* Meme.swift */,
				5B46CA1B226522580002B4F6 /* ImageViewController.swift */,
				5B7E2043226B9F4000E7059E /* MemeCollectionViewCell.swift */,
				5BC40FA122720E4100CAB9F9 /* MemeTableViewCell.swift */,
				5BC40FA3227216D200CAB9F9 /* MemeTableViewController.swift */,
			);
			path = Meme2.0;
			sourceTree = "<group>";
		};
/* End PBXGroup section */

/* Begin PBXNativeTarget section */
		5B46C9FD226502490002B4F6 /* Meme2.0 */ = {
			isa = PBXNativeTarget;
			buildConfigurationList = 5B46CA102265024B0002B4F6 /* Build configuration list for PBXNativeTarget "Meme2.0" */;
			buildPhases = (
				5B46C9FA226502490002B4F6 /* Sources */,
				5B46C9FB226502490002B4F6 /* Frameworks */,
				5B46C9FC226502490002B4F6 /* Resources */,
			);
			buildRules = (
			);
			dependencies = (
			);
			name = Meme2.0;
			productName = Meme2.0;
			productReference = 5B46C9FE226502490002B4F6 /* Meme2.0.app */;
			productType = "com.apple.product-type.application";
		};
/* End PBXNativeTarget section */

/* Begin PBXProject section */
		5B46C9F6226502490002B4F6 /* Project object */ = {
			isa = PBXProject;
			attributes = {
				LastSwiftUpdateCheck = 1000;
				LastUpgradeCheck = 1000;
				ORGANIZATIONNAME = "Abdullah alammar";
				TargetAttributes = {
					5B46C9FD226502490002B4F6 = {
						CreatedOnToolsVersion = 10.0;
					};
				};
			};
			buildConfigurationList = 5B46C9F9226502490002B4F6 /* Build configuration list for PBXProject "Meme2.0" */;
			compatibilityVersion = "Xcode 9.3";
			developmentRegion = en;
			hasScannedForEncodings = 0;
			knownRegions = (
				en,
				Base,
			);
			mainGroup = 5B46C9F5226502490002B4F6;
			productRefGroup = 5B46C9FF226502490002B4F6 /* Products */;
			projectDirPath = "";
			projectRoot = "";
			targets = (
				5B46C9FD226502490002B4F6 /* Meme2.0 */,
			);
		};
/* End PBXProject section */

/* Begin PBXResourcesBuildPhase section */
		5B46C9FC226502490002B4F6 /* Resources */ = {
			isa = PBXResourcesBuildPhase;
			buildActionMask = 2147483647;
			files = (
				5B46CA0C2265024B0002B4F6 /* LaunchScreen.storyboard in Resources */,
				5B46CA092265024B0002B4F6 /* Assets.xcassets in Resources */,
				5B46CA07226502490002B4F6 /* Main.storyboard in Resources */,
			);
			runOnlyForDeploymentPostprocessing = 0;
		};
/* End PBXResourcesBuildPhase section */

/* Begin PBXSourcesBuildPhase section */
		5B46C9FA226502490002B4F6 /* Sources */ = {
			isa = PBXSourcesBuildPhase;
			buildActionMask = 2147483647;
			files = (
				5BC40FA222720E4100CAB9F9 /* MemeTableViewCell.swift in Sources */,
				5B46CA1422650BD90002B4F6 /* MemeCollectionViewController.swift in Sources */,
				5BC40FA4227216D200CAB9F9 /* MemeTableViewController.swift in Sources */,
				5B46CA1C226522580002B4F6 /* ImageViewController.swift in Sources */,
				5B46CA1A226513190002B4F6 /* Meme.swift in Sources */,
				5B7E2044226B9F4000E7059E /* MemeCollectionViewCell.swift in Sources */,
				5B46CA02226502490002B4F6 /* AppDelegate.swift in Sources */,
				5B46CA1622650BF00002B4F6 /* MemeDetailViewController.swift in Sources */,
			);
			runOnlyForDeploymentPostprocessing = 0;
		};
/* End PBXSourcesBuildPhase section */

/* Begin PBXVariantGroup section */
		5B46CA05226502490002B4F6 /* Main.storyboard */ = {
			isa = PBXVariantGroup;
			children = (
				5B46CA06226502490002B4F6 /* Base */,
			);
			name = Main.storyboard;
			sourceTree = "<group>";
		};
		5B46CA0A2265024B0002B4F6 /* LaunchScreen.storyboard */ = {
			isa = PBXVariantGroup;
			children = (
				5B46CA0B2265024B0002B4F6 /* Base */,
			);
			name = LaunchScreen.storyboard;
			sourceTree = "<group>";
		};
/* End PBXVariantGroup section */

/* Begin XCBuildConfiguration section */
		5B46CA0E2265024B0002B4F6 /* Debug */ = {
			isa = XCBuildConfiguration;
			buildSettings = {
				ALWAYS_SEARCH_USER_PATHS = NO;
				CLANG_ANALYZER_NONNULL = YES;
				CLANG_ANALYZER_NUMBER_OBJECT_CONVERSION = YES_AGGRESSIVE;
				CLANG_CXX_LANGUAGE_STANDARD = "gnu++14";
				CLANG_CXX_LIBRARY = "libc++";
				CLANG_ENABLE_MODULES = YES;
				CLANG_ENABLE_OBJC_ARC = YES;
				CLANG_ENABLE_OBJC_WEAK = YES;
				CLANG_WARN_BLOCK_CAPTURE_AUTORELEASING = YES;
				CLANG_WARN_BOOL_CONVERSION = YES;
				CLANG_WARN_COMMA = YES;
				CLANG_WARN_CONSTANT_CONVERSION = YES;
				CLANG_WARN_DEPRECATED_OBJC_IMPLEMENTATIONS = YES;
				CLANG_WARN_DIRECT_OBJC_ISA_USAGE = YES_ERROR;
				CLANG_WARN_DOCUMENTATION_COMMENTS = YES;
				CLANG_WARN_EMPTY_BODY = YES;
				CLANG_WARN_ENUM_CONVERSION = YES;
				CLANG_WARN_INFINITE_RECURSION = YES;
				CLANG_WARN_INT_CONVERSION = YES;
				CLANG_WARN_NON_LITERAL_NULL_CONVERSION = YES;
				CLANG_WARN_OBJC_IMPLICIT_RETAIN_SELF = YES;
				CLANG_WARN_OBJC_LITERAL_CONVERSION = YES;
				CLANG_WARN_OBJC_ROOT_CLASS = YES_ERROR;
				CLANG_WARN_RANGE_LOOP_ANALYSIS = YES;
				CLANG_WARN_STRICT_PROTOTYPES = YES;
				CLANG_WARN_SUSPICIOUS_MOVE = YES;
				CLANG_WARN_UNGUARDED_AVAILABILITY = YES_AGGRESSIVE;
				CLANG_WARN_UNREACHABLE_CODE = YES;
				CLANG_WARN__DUPLICATE_METHOD_MATCH = YES;
				CODE_SIGN_IDENTITY = "iPhone Developer";
				COPY_PHASE_STRIP = NO;
				DEBUG_INFORMATION_FORMAT = dwarf;
				ENABLE_STRICT_OBJC_MSGSEND = YES;
				ENABLE_TESTABILITY = YES;
				GCC_C_LANGUAGE_STANDARD = gnu11;
				GCC_DYNAMIC_NO_PIC = NO;
				GCC_NO_COMMON_BLOCKS = YES;
				GCC_OPTIMIZATION_LEVEL = 0;
				GCC_PREPROCESSOR_DEFINITIONS = (
					"DEBUG=1",
					"$(inherited)",
				);
				GCC_WARN_64_TO_32_BIT_CONVERSION = YES;
				GCC_WARN_ABOUT_RETURN_TYPE = YES_ERROR;
				GCC_WARN_UNDECLARED_SELECTOR = YES;
				GCC_WARN_UNINITIALIZED_AUTOS = YES_AGGRESSIVE;
				GCC_WARN_UNUSED_FUNCTION = YES;
				GCC_WARN_UNUSED_VARIABLE = YES;
				IPHONEOS_DEPLOYMENT_TARGET = 12.0;
				MTL_ENABLE_DEBUG_INFO = INCLUDE_SOURCE;
				MTL_FAST_MATH = YES;
				ONLY_ACTIVE_ARCH = YES;
				SDKROOT = iphoneos;
				SWIFT_ACTIVE_COMPILATION_CONDITIONS = DEBUG;
				SWIFT_OPTIMIZATION_LEVEL = "-Onone";
			};
			name = Debug;
		};
		5B46CA0F2265024B0002B4F6 /* Release */ = {
			isa = XCBuildConfiguration;
			buildSettings = {
				ALWAYS_SEARCH_USER_PATHS = NO;
				CLANG_ANALYZER_NONNULL = YES;
				CLANG_ANALYZER_NUMBER_OBJECT_CONVERSION = YES_AGGRESSIVE;
				CLANG_CXX_LANGUAGE_STANDARD = "gnu++14";
				CLANG_CXX_LIBRARY = "libc++";
				CLANG_ENABLE_MODULES = YES;
				CLANG_ENABLE_OBJC_ARC = YES;
				CLANG_ENABLE_OBJC_WEAK = YES;
				CLANG_WARN_BLOCK_CAPTURE_AUTORELEASING = YES;
				CLANG_WARN_BOOL_CONVERSION = YES;
				CLANG_WARN_COMMA = YES;
				CLANG_WARN_CONSTANT_CONVERSION = YES;
				CLANG_WARN_DEPRECATED_OBJC_IMPLEMENTATIONS = YES;
				CLANG_WARN_DIRECT_OBJC_ISA_USAGE = YES_ERROR;
				CLANG_WARN_DOCUMENTATION_COMMENTS = YES;
				CLANG_WARN_EMPTY_BODY = YES;
				CLANG_WARN_ENUM_CONVERSION = YES;
				CLANG_WARN_INFINITE_RECURSION = YES;
				CLANG_WARN_INT_CONVERSION = YES;
				CLANG_WARN_NON_LITERAL_NULL_CONVERSION = YES;
				CLANG_WARN_OBJC_IMPLICIT_RETAIN_SELF = YES;
				CLANG_WARN_OBJC_LITERAL_CONVERSION = YES;
				CLANG_WARN_OBJC_ROOT_CLASS = YES_ERROR;
				CLANG_WARN_RANGE_LOOP_ANALYSIS = YES;
				CLANG_WARN_STRICT_PROTOTYPES = YES;
				CLANG_WARN_SUSPICIOUS_MOVE = YES;
				CLANG_WARN_UNGUARDED_AVAILABILITY = YES_AGGRESSIVE;
				CLANG_WARN_UNREACHABLE_CODE = YES;
				CLANG_WARN__DUPLICATE_METHOD_MATCH = YES;
				CODE_SIGN_IDENTITY = "iPhone Developer";
				COPY_PHASE_STRIP = NO;
				DEBUG_INFORMATION_FORMAT = "dwarf-with-dsym";
				ENABLE_NS_ASSERTIONS = NO;
				ENABLE_STRICT_OBJC_MSGSEND = YES;
				GCC_C_LANGUAGE_STANDARD = gnu11;
				GCC_NO_COMMON_BLOCKS = YES;
				GCC_WARN_64_TO_32_BIT_CONVERSION = YES;
				GCC_WARN_ABOUT_RETURN_TYPE = YES_ERROR;
				GCC_WARN_UNDECLARED_SELECTOR = YES;
				GCC_WARN_UNINITIALIZED_AUTOS = YES_AGGRESSIVE;
				GCC_WARN_UNUSED_FUNCTION = YES;
				GCC_WARN_UNUSED_VARIABLE = YES;
				IPHONEOS_DEPLOYMENT_TARGET = 12.0;
				MTL_ENABLE_DEBUG_INFO = NO;
				MTL_FAST_MATH = YES;
				SDKROOT = iphoneos;
				SWIFT_COMPILATION_MODE = wholemodule;
				SWIFT_OPTIMIZATION_LEVEL = "-O";
				VALIDATE_PRODUCT = YES;
			};
			name = Release;
		};
		5B46CA112265024B0002B4F6 /* Debug */ = {
			isa = XCBuildConfiguration;
			buildSettings = {
				ASSETCATALOG_COMPILER_APPICON_NAME = AppIcon;
				CODE_SIGN_STYLE = Automatic;
				DEVELOPMENT_TEAM = ZXGQK2ZMCG;
				INFOPLIST_FILE = Meme2.0/Info.plist;
				LD_RUNPATH_SEARCH_PATHS = (
					"$(inherited)",
					"@executable_path/Frameworks",
				);
				PRODUCT_BUNDLE_IDENTIFIER = "kfupm.Meme2-0";
				PRODUCT_NAME = "$(TARGET_NAME)";
				SWIFT_VERSION = 4.2;
				TARGETED_DEVICE_FAMILY = "1,2";
			};
			name = Debug;
		};
		5B46CA122265024B0002B4F6 /* Release */ = {
			isa = XCBuildConfiguration;
			buildSettings = {
				ASSETCATALOG_COMPILER_APPICON_NAME = AppIcon;
				CODE_SIGN_STYLE = Automatic;
				DEVELOPMENT_TEAM = ZXGQK2ZMCG;
				INFOPLIST_FILE = Meme2.0/Info.plist;
				LD_RUNPATH_SEARCH_PATHS = (
					"$(inherited)",
					"@executable_path/Frameworks",
				);
				PRODUCT_BUNDLE_IDENTIFIER = "kfupm.Meme2-0";
				PRODUCT_NAME = "$(TARGET_NAME)";
				SWIFT_VERSION = 4.2;
				TARGETED_DEVICE_FAMILY = "1,2";
			};
			name = Release;
		};
/* End XCBuildConfiguration section */

/* Begin XCConfigurationList section */
		5B46C9F9226502490002B4F6 /* Build configuration list for PBXProject "Meme2.0" */ = {
			isa = XCConfigurationList;
			buildConfigurations = (
				5B46CA0E2265024B0002B4F6 /* Debug */,
				5B46CA0F2265024B0002B4F6 /* Release */,
			);
			defaultConfigurationIsVisible = 0;
			defaultConfigurationName = Release;
		};
		5B46CA102265024B0002B4F6 /* Build configuration list for PBXNativeTarget "Meme2.0" */ = {
			isa = XCConfigurationList;
			buildConfigurations = (
				5B46CA112265024B0002B4F6 /* Debug */,
				5B46CA122265024B0002B4F6 /* Release */,
			);
			defaultConfigurationIsVisible = 0;
			defaultConfigurationName = Release;
		};
/* End XCConfigurationList section */
	};
	rootObject = 5B46C9F6226502490002B4F6 /* Project object */;
}
